
Microsoft Visual Studio Solution File, Format Version 12.00
# Visual Studio Version 17
VisualStudioVersion = 17.7.34024.191
MinimumVisualStudioVersion = 10.0.40219.1
Project("{9A19103F-16F7-4668-BE54-9A1E7A4F7556}") = "Gatherama", "Gatherama\Gatherama.csproj", "{908B678E-F7FF-4F2A-9B10-7C996601CF89}"
EndProject
Project("{9A19103F-16F7-4668-BE54-9A1E7A4F7556}") = "Gatherama.Server", "Gatherama.Server\Gatherama.Server.csproj", "{B0BB58CD-BEC2-4974-9AD9-22E065E7C85A}"
	ProjectSection(ProjectDependencies) = postProject
		{908B678E-F7FF-4F2A-9B10-7C996601CF89} = {908B678E-F7FF-4F2A-9B10-7C996601CF89}
	EndProjectSection
EndProject
Project("{9A19103F-16F7-4668-BE54-9A1E7A4F7556}") = "Gatherama.Shared", "Gatherama.Shared\Gatherama.Shared.csproj", "{34D4C11D-EBC6-47D3-ACDC-D9C968324C69}"
EndProject
Project("{FAE04EC0-301F-11D3-BF4B-00C04F79EFBC}") = "Gatherama.Test", "Test\Gatherama.Test.csproj", "{ADCE945D-A04B-4107-B4DD-71B85B556B77}"
EndProject
Global
	GlobalSection(SolutionConfigurationPlatforms) = preSolution
		Debug|Any CPU = Debug|Any CPU
		Release|Any CPU = Release|Any CPU
	EndGlobalSection
	GlobalSection(ProjectConfigurationPlatforms) = postSolution
		{908B678E-F7FF-4F2A-9B10-7C996601CF89}.Debug|Any CPU.ActiveCfg = Debug|Any CPU
		{908B678E-F7FF-4F2A-9B10-7C996601CF89}.Debug|Any CPU.Build.0 = Debug|Any CPU
		{908B678E-F7FF-4F2A-9B10-7C996601CF89}.Debug|Any CPU.Deploy.0 = Debug|Any CPU
		{908B678E-F7FF-4F2A-9B10-7C996601CF89}.Release|Any CPU.ActiveCfg = Release|Any CPU
		{908B678E-F7FF-4F2A-9B10-7C996601CF89}.Release|Any CPU.Build.0 = Release|Any CPU
		{908B678E-F7FF-4F2A-9B10-7C996601CF89}.Release|Any CPU.Deploy.0 = Release|Any CPU
		{B0BB58CD-BEC2-4974-9AD9-22E065E7C85A}.Debug|Any CPU.ActiveCfg = Debug|Any CPU
		{B0BB58CD-BEC2-4974-9AD9-22E065E7C85A}.Debug|Any CPU.Build.0 = Debug|Any CPU
		{B0BB58CD-BEC2-4974-9AD9-22E065E7C85A}.Release|Any CPU.ActiveCfg = Release|Any CPU
		{B0BB58CD-BEC2-4974-9AD9-22E065E7C85A}.Release|Any CPU.Build.0 = Release|Any CPU
		{34D4C11D-EBC6-47D3-ACDC-D9C968324C69}.Debug|Any CPU.ActiveCfg = Debug|Any CPU
		{34D4C11D-EBC6-47D3-ACDC-D9C968324C69}.Debug|Any CPU.Build.0 = Debug|Any CPU
		{34D4C11D-EBC6-47D3-ACDC-D9C968324C69}.Release|Any CPU.ActiveCfg = Release|Any CPU
		{34D4C11D-EBC6-47D3-ACDC-D9C968324C69}.Release|Any CPU.Build.0 = Release|Any CPU
		{ADCE945D-A04B-4107-B4DD-71B85B556B77}.Debug|Any CPU.ActiveCfg = Debug|Any CPU
		{ADCE945D-A04B-4107-B4DD-71B85B556B77}.Debug|Any CPU.Build.0 = Debug|Any CPU
		{ADCE945D-A04B-4107-B4DD-71B85B556B77}.Release|Any CPU.ActiveCfg = Release|Any CPU
		{ADCE945D-A04B-4107-B4DD-71B85B556B77}.Release|Any CPU.Build.0 = Release|Any CPU
	EndGlobalSection
	GlobalSection(SolutionProperties) = preSolution
		HideSolutionNode = FALSE
	EndGlobalSection
	GlobalSection(ExtensibilityGlobals) = postSolution
		SolutionGuid = {4A67D671-044E-4207-880D-6180822D1493}
	EndGlobalSection
EndGlobal
